
Microsoft Visual Studio Solution File, Format Version 12.00
# Visual Studio Version 16
VisualStudioVersion = 16.0.28803.202
MinimumVisualStudioVersion = 10.0.40219.1
Project("{FAE04EC0-301F-11D3-BF4B-00C04F79EFBC}") = "VDMMutiline.SharedComponent", "VDMMutiline.SharedComponent\VDMMutiline.SharedComponent.csproj", "{1637E8E5-C05B-4FEF-8524-418544A8F388}"
EndProject
Project("{FAE04EC0-301F-11D3-BF4B-00C04F79EFBC}") = "VDMMutiline.Dao", "VDMMutiline.Dao\VDMMutiline.Dao.csproj", "{0B99AF95-615D-4C95-A0B0-F7DD466DFDAE}"
EndProject
Project("{FAE04EC0-301F-11D3-BF4B-00C04F79EFBC}") = "VDMMutiline.Biz", "VDMMutiline.Biz\VDMMutiline.Biz.csproj", "{9C308A8F-030D-4550-B44A-E904007B1A14}"
EndProject
Project("{FAE04EC0-301F-11D3-BF4B-00C04F79EFBC}") = "VDMMutiline.Core", "VDMMutiline.Core\VDMMutiline.Core.csproj", "{AC9C00D7-7173-4810-A973-090B96F4E34A}"
EndProject
Project("{2150E333-8FDC-42A3-9474-1A3956D46DE8}") = "LIb", "LIb", "{DD8BC323-32E9-428B-B87A-2D19F5E727A6}"
EndProject
Project("{FAE04EC0-301F-11D3-BF4B-00C04F79EFBC}") = "VDMMutiline.WebBackEnd", "VDMMutiline.Web\VDMMutiline.WebBackEnd.csproj", "{953E6184-7B5B-4C8C-BA19-034827C925C3}"
EndProject
Project("{FAE04EC0-301F-11D3-BF4B-00C04F79EFBC}") = "VDMMutiline.Ultilities", "VDMMutiline.Ultilities\VDMMutiline.Ultilities.csproj", "{06FB04AF-9F69-480B-AADF-0AA3FC6B3FA9}"
EndProject
Project("{FAE04EC0-301F-11D3-BF4B-00C04F79EFBC}") = "VDMMutiline.SendMailAndSMS", "VDMMutiline.SendMailAndSMS\VDMMutiline.SendMailAndSMS.csproj", "{78C22FBD-FDA7-48D5-BA22-47F8558E4A09}"
EndProject
Project("{FAE04EC0-301F-11D3-BF4B-00C04F79EFBC}") = "VDMMutiline.SeachAndBook", "VDMMutiline.SeachAndBook\VDMMutiline.SeachAndBook.csproj", "{C1FABDA7-B80A-49DF-9810-5A7AC1C644A2}"
EndProject
Project("{FAE04EC0-301F-11D3-BF4B-00C04F79EFBC}") = "VDMMutiline.Templeate1", "VDMMutiline.Templeate1\VDMMutiline.Templeate1.csproj", "{868C740F-D51C-44EE-B16F-55D363BDB432}"
EndProject
Project("{2150E333-8FDC-42A3-9474-1A3956D46DE8}") = "Templeate1", "Templeate1", "{2C7BD783-DF7F-4A14-A87F-B9908DD1B2CD}"
EndProject
Project("{FAE04EC0-301F-11D3-BF4B-00C04F79EFBC}") = "VDMMutiline.Resource", "VDMMutiline.Resource\VDMMutiline.Resource.csproj", "{8769000B-0313-4CF7-BC95-B69F69CC49B0}"
EndProject
Project("{FAE04EC0-301F-11D3-BF4B-00C04F79EFBC}") = "VDMMutiline.Templeate1.MB", "VDMMutiline.Templeate1.MB\VDMMutiline.Templeate1.MB.csproj", "{AA45CF82-AA79-416F-99C2-F68B62C8783D}"
EndProject
Project("{2150E333-8FDC-42A3-9474-1A3956D46DE8}") = "Templeate2VNJ", "Templeate2VNJ", "{02FA8512-C0CF-40F0-87AE-1B4E956568BB}"
EndProject
Project("{FAE04EC0-301F-11D3-BF4B-00C04F79EFBC}") = "ConvertData", "ConvertData\ConvertData.csproj", "{271F369B-B5BA-4DA9-8A8A-20FEA689D3E7}"
EndProject
Project("{2150E333-8FDC-42A3-9474-1A3956D46DE8}") = "AutoSendMail", "AutoSendMail", "{62C4D3E9-A133-48B4-AE9E-BFA12FC01AD7}"
EndProject
Project("{FAE04EC0-301F-11D3-BF4B-00C04F79EFBC}") = "AutoSendMailMuti", "AutoSendMailMuti\AutoSendMailMuti.csproj", "{02B1872B-9CB9-4BCC-9D72-AF8A2BBC76E4}"
EndProject
Project("{2150E333-8FDC-42A3-9474-1A3956D46DE8}") = "API", "API", "{716CF197-0CDB-4713-A5DF-06B65B73DA15}"
EndProject
Project("{FAE04EC0-301F-11D3-BF4B-00C04F79EFBC}") = "VDMMutiline.APIExport", "VDMMutiline.APIExport\VDMMutiline.APIExport.csproj", "{6B453810-604F-4EB1-A626-EFFF935ED3BD}"
EndProject
Project("{2150E333-8FDC-42A3-9474-1A3956D46DE8}") = "BookingResponse", "BookingResponse", "{91A4AE51-5DBA-450E-BD3C-86CC82F2114C}"
EndProject
Project("{2150E333-8FDC-42A3-9474-1A3956D46DE8}") = "ApiClient", "ApiClient", "{51219AF6-A477-45F9-87DD-B349819C103A}"
EndProject
Project("{FAE04EC0-301F-11D3-BF4B-00C04F79EFBC}") = "ApiClient.Logger", "ApiClient\ApiClient.Logger\ApiClient.Logger.csproj", "{8B613999-7861-4753-A0F6-E63258ABCA1C}"
EndProject
Project("{FAE04EC0-301F-11D3-BF4B-00C04F79EFBC}") = "ApiClient.Models", "ApiClient\ApiClient.Models\ApiClient.Models.csproj", "{829641F2-22D5-4A59-8483-97120DA79E3D}"
EndProject
Project("{FAE04EC0-301F-11D3-BF4B-00C04F79EFBC}") = "ApiClient.Serialization", "ApiClient\ApiClient.Serialization\ApiClient.Serialization.csproj", "{E915FFD4-A2C8-49BE-B071-0C3F9AF23D43}"
EndProject
Project("{FAE04EC0-301F-11D3-BF4B-00C04F79EFBC}") = "ApiClient.Common", "ApiClient\ApiClientCommon\ApiClient.Common.csproj", "{CA58D3E1-6188-405F-9FFA-6A9888BD58B9}"
EndProject
Project("{FAE04EC0-301F-11D3-BF4B-00C04F79EFBC}") = "BookingResponse.Database", "BookingResponse.Database\BookingResponse.Database.csproj", "{74E6C497-F6DF-438D-AD9F-6673B6D49192}"
EndProject
Project("{FAE04EC0-301F-11D3-BF4B-00C04F79EFBC}") = "VDMMutiline.ApiAPP", "VDMMutiline.ApiAPP\VDMMutiline.ApiAPP.csproj", "{2F107C6D-6ED7-4FA5-9F83-A89EC4269A6C}"
EndProject
Global
	GlobalSection(SolutionConfigurationPlatforms) = preSolution
		Debug|Any CPU = Debug|Any CPU
		Prod|Any CPU = Prod|Any CPU
		Release.DEV|Any CPU = Release.DEV|Any CPU
		Release.PROD|Any CPU = Release.PROD|Any CPU
		Release.UAT|Any CPU = Release.UAT|Any CPU
		Release|Any CPU = Release|Any CPU
	EndGlobalSection
	GlobalSection(ProjectConfigurationPlatforms) = postSolution
		{1637E8E5-C05B-4FEF-8524-418544A8F388}.Debug|Any CPU.ActiveCfg = Debug|Any CPU
		{1637E8E5-C05B-4FEF-8524-418544A8F388}.Debug|Any CPU.Build.0 = Debug|Any CPU
		{1637E8E5-C05B-4FEF-8524-418544A8F388}.Prod|Any CPU.ActiveCfg = Release|Any CPU
		{1637E8E5-C05B-4FEF-8524-418544A8F388}.Prod|Any CPU.Build.0 = Release|Any CPU
		{1637E8E5-C05B-4FEF-8524-418544A8F388}.Release.DEV|Any CPU.ActiveCfg = Release|Any CPU
		{1637E8E5-C05B-4FEF-8524-418544A8F388}.Release.DEV|Any CPU.Build.0 = Release|Any CPU
		{1637E8E5-C05B-4FEF-8524-418544A8F388}.Release.PROD|Any CPU.ActiveCfg = Release|Any CPU
		{1637E8E5-C05B-4FEF-8524-418544A8F388}.Release.PROD|Any CPU.Build.0 = Release|Any CPU
		{1637E8E5-C05B-4FEF-8524-418544A8F388}.Release.UAT|Any CPU.ActiveCfg = Release|Any CPU
		{1637E8E5-C05B-4FEF-8524-418544A8F388}.Release.UAT|Any CPU.Build.0 = Release|Any CPU
		{1637E8E5-C05B-4FEF-8524-418544A8F388}.Release|Any CPU.ActiveCfg = Release|Any CPU
		{1637E8E5-C05B-4FEF-8524-418544A8F388}.Release|Any CPU.Build.0 = Release|Any CPU
		{0B99AF95-615D-4C95-A0B0-F7DD466DFDAE}.Debug|Any CPU.ActiveCfg = Debug|Any CPU
		{0B99AF95-615D-4C95-A0B0-F7DD466DFDAE}.Debug|Any CPU.Build.0 = Debug|Any CPU
		{0B99AF95-615D-4C95-A0B0-F7DD466DFDAE}.Prod|Any CPU.ActiveCfg = Release|Any CPU
		{0B99AF95-615D-4C95-A0B0-F7DD466DFDAE}.Prod|Any CPU.Build.0 = Release|Any CPU
		{0B99AF95-615D-4C95-A0B0-F7DD466DFDAE}.Release.DEV|Any CPU.ActiveCfg = Release|Any CPU
		{0B99AF95-615D-4C95-A0B0-F7DD466DFDAE}.Release.DEV|Any CPU.Build.0 = Release|Any CPU
		{0B99AF95-615D-4C95-A0B0-F7DD466DFDAE}.Release.PROD|Any CPU.ActiveCfg = Release|Any CPU
		{0B99AF95-615D-4C95-A0B0-F7DD466DFDAE}.Release.PROD|Any CPU.Build.0 = Release|Any CPU
		{0B99AF95-615D-4C95-A0B0-F7DD466DFDAE}.Release.UAT|Any CPU.ActiveCfg = Release|Any CPU
		{0B99AF95-615D-4C95-A0B0-F7DD466DFDAE}.Release.UAT|Any CPU.Build.0 = Release|Any CPU
		{0B99AF95-615D-4C95-A0B0-F7DD466DFDAE}.Release|Any CPU.ActiveCfg = Release|Any CPU
		{0B99AF95-615D-4C95-A0B0-F7DD466DFDAE}.Release|Any CPU.Build.0 = Release|Any CPU
		{9C308A8F-030D-4550-B44A-E904007B1A14}.Debug|Any CPU.ActiveCfg = Debug|Any CPU
		{9C308A8F-030D-4550-B44A-E904007B1A14}.Debug|Any CPU.Build.0 = Debug|Any CPU
		{9C308A8F-030D-4550-B44A-E904007B1A14}.Prod|Any CPU.ActiveCfg = Release|Any CPU
		{9C308A8F-030D-4550-B44A-E904007B1A14}.Prod|Any CPU.Build.0 = Release|Any CPU
		{9C308A8F-030D-4550-B44A-E904007B1A14}.Release.DEV|Any CPU.ActiveCfg = Release|Any CPU
		{9C308A8F-030D-4550-B44A-E904007B1A14}.Release.DEV|Any CPU.Build.0 = Release|Any CPU
		{9C308A8F-030D-4550-B44A-E904007B1A14}.Release.PROD|Any CPU.ActiveCfg = Release|Any CPU
		{9C308A8F-030D-4550-B44A-E904007B1A14}.Release.PROD|Any CPU.Build.0 = Release|Any CPU
		{9C308A8F-030D-4550-B44A-E904007B1A14}.Release.UAT|Any CPU.ActiveCfg = Release|Any CPU
		{9C308A8F-030D-4550-B44A-E904007B1A14}.Release.UAT|Any CPU.Build.0 = Release|Any CPU
		{9C308A8F-030D-4550-B44A-E904007B1A14}.Release|Any CPU.ActiveCfg = Release|Any CPU
		{9C308A8F-030D-4550-B44A-E904007B1A14}.Release|Any CPU.Build.0 = Release|Any CPU
		{AC9C00D7-7173-4810-A973-090B96F4E34A}.Debug|Any CPU.ActiveCfg = Debug|Any CPU
		{AC9C00D7-7173-4810-A973-090B96F4E34A}.Debug|Any CPU.Build.0 = Debug|Any CPU
		{AC9C00D7-7173-4810-A973-090B96F4E34A}.Prod|Any CPU.ActiveCfg = Release|Any CPU
		{AC9C00D7-7173-4810-A973-090B96F4E34A}.Prod|Any CPU.Build.0 = Release|Any CPU
		{AC9C00D7-7173-4810-A973-090B96F4E34A}.Release.DEV|Any CPU.ActiveCfg = Release|Any CPU
		{AC9C00D7-7173-4810-A973-090B96F4E34A}.Release.DEV|Any CPU.Build.0 = Release|Any CPU
		{AC9C00D7-7173-4810-A973-090B96F4E34A}.Release.PROD|Any CPU.ActiveCfg = Release|Any CPU
		{AC9C00D7-7173-4810-A973-090B96F4E34A}.Release.PROD|Any CPU.Build.0 = Release|Any CPU
		{AC9C00D7-7173-4810-A973-090B96F4E34A}.Release.UAT|Any CPU.ActiveCfg = Release|Any CPU
		{AC9C00D7-7173-4810-A973-090B96F4E34A}.Release.UAT|Any CPU.Build.0 = Release|Any CPU
		{AC9C00D7-7173-4810-A973-090B96F4E34A}.Release|Any CPU.ActiveCfg = Release|Any CPU
		{AC9C00D7-7173-4810-A973-090B96F4E34A}.Release|Any CPU.Build.0 = Release|Any CPU
		{953E6184-7B5B-4C8C-BA19-034827C925C3}.Debug|Any CPU.ActiveCfg = Debug|Any CPU
		{953E6184-7B5B-4C8C-BA19-034827C925C3}.Debug|Any CPU.Build.0 = Debug|Any CPU
		{953E6184-7B5B-4C8C-BA19-034827C925C3}.Prod|Any CPU.ActiveCfg = Release|Any CPU
		{953E6184-7B5B-4C8C-BA19-034827C925C3}.Prod|Any CPU.Build.0 = Release|Any CPU
		{953E6184-7B5B-4C8C-BA19-034827C925C3}.Release.DEV|Any CPU.ActiveCfg = Release|Any CPU
		{953E6184-7B5B-4C8C-BA19-034827C925C3}.Release.DEV|Any CPU.Build.0 = Release|Any CPU
		{953E6184-7B5B-4C8C-BA19-034827C925C3}.Release.PROD|Any CPU.ActiveCfg = Release|Any CPU
		{953E6184-7B5B-4C8C-BA19-034827C925C3}.Release.PROD|Any CPU.Build.0 = Release|Any CPU
		{953E6184-7B5B-4C8C-BA19-034827C925C3}.Release.UAT|Any CPU.ActiveCfg = Release|Any CPU
		{953E6184-7B5B-4C8C-BA19-034827C925C3}.Release.UAT|Any CPU.Build.0 = Release|Any CPU
		{953E6184-7B5B-4C8C-BA19-034827C925C3}.Release|Any CPU.ActiveCfg = Release|Any CPU
		{953E6184-7B5B-4C8C-BA19-034827C925C3}.Release|Any CPU.Build.0 = Release|Any CPU
		{06FB04AF-9F69-480B-AADF-0AA3FC6B3FA9}.Debug|Any CPU.ActiveCfg = Debug|Any CPU
		{06FB04AF-9F69-480B-AADF-0AA3FC6B3FA9}.Debug|Any CPU.Build.0 = Debug|Any CPU
		{06FB04AF-9F69-480B-AADF-0AA3FC6B3FA9}.Prod|Any CPU.ActiveCfg = Release|Any CPU
		{06FB04AF-9F69-480B-AADF-0AA3FC6B3FA9}.Prod|Any CPU.Build.0 = Release|Any CPU
		{06FB04AF-9F69-480B-AADF-0AA3FC6B3FA9}.Release.DEV|Any CPU.ActiveCfg = Release|Any CPU
		{06FB04AF-9F69-480B-AADF-0AA3FC6B3FA9}.Release.DEV|Any CPU.Build.0 = Release|Any CPU
		{06FB04AF-9F69-480B-AADF-0AA3FC6B3FA9}.Release.PROD|Any CPU.ActiveCfg = Release|Any CPU
		{06FB04AF-9F69-480B-AADF-0AA3FC6B3FA9}.Release.PROD|Any CPU.Build.0 = Release|Any CPU
		{06FB04AF-9F69-480B-AADF-0AA3FC6B3FA9}.Release.UAT|Any CPU.ActiveCfg = Release|Any CPU
		{06FB04AF-9F69-480B-AADF-0AA3FC6B3FA9}.Release.UAT|Any CPU.Build.0 = Release|Any CPU
		{06FB04AF-9F69-480B-AADF-0AA3FC6B3FA9}.Release|Any CPU.ActiveCfg = Release|Any CPU
		{06FB04AF-9F69-480B-AADF-0AA3FC6B3FA9}.Release|Any CPU.Build.0 = Release|Any CPU
		{78C22FBD-FDA7-48D5-BA22-47F8558E4A09}.Debug|Any CPU.ActiveCfg = Debug|Any CPU
		{78C22FBD-FDA7-48D5-BA22-47F8558E4A09}.Debug|Any CPU.Build.0 = Debug|Any CPU
		{78C22FBD-FDA7-48D5-BA22-47F8558E4A09}.Prod|Any CPU.ActiveCfg = Release|Any CPU
		{78C22FBD-FDA7-48D5-BA22-47F8558E4A09}.Prod|Any CPU.Build.0 = Release|Any CPU
		{78C22FBD-FDA7-48D5-BA22-47F8558E4A09}.Release.DEV|Any CPU.ActiveCfg = Release|Any CPU
		{78C22FBD-FDA7-48D5-BA22-47F8558E4A09}.Release.DEV|Any CPU.Build.0 = Release|Any CPU
		{78C22FBD-FDA7-48D5-BA22-47F8558E4A09}.Release.PROD|Any CPU.ActiveCfg = Release|Any CPU
		{78C22FBD-FDA7-48D5-BA22-47F8558E4A09}.Release.PROD|Any CPU.Build.0 = Release|Any CPU
		{78C22FBD-FDA7-48D5-BA22-47F8558E4A09}.Release.UAT|Any CPU.ActiveCfg = Release|Any CPU
		{78C22FBD-FDA7-48D5-BA22-47F8558E4A09}.Release.UAT|Any CPU.Build.0 = Release|Any CPU
		{78C22FBD-FDA7-48D5-BA22-47F8558E4A09}.Release|Any CPU.ActiveCfg = Release|Any CPU
		{78C22FBD-FDA7-48D5-BA22-47F8558E4A09}.Release|Any CPU.Build.0 = Release|Any CPU
		{C1FABDA7-B80A-49DF-9810-5A7AC1C644A2}.Debug|Any CPU.ActiveCfg = Debug|Any CPU
		{C1FABDA7-B80A-49DF-9810-5A7AC1C644A2}.Debug|Any CPU.Build.0 = Debug|Any CPU
		{C1FABDA7-B80A-49DF-9810-5A7AC1C644A2}.Prod|Any CPU.ActiveCfg = Release|Any CPU
		{C1FABDA7-B80A-49DF-9810-5A7AC1C644A2}.Prod|Any CPU.Build.0 = Release|Any CPU
		{C1FABDA7-B80A-49DF-9810-5A7AC1C644A2}.Release.DEV|Any CPU.ActiveCfg = Release|Any CPU
		{C1FABDA7-B80A-49DF-9810-5A7AC1C644A2}.Release.DEV|Any CPU.Build.0 = Release|Any CPU
		{C1FABDA7-B80A-49DF-9810-5A7AC1C644A2}.Release.PROD|Any CPU.ActiveCfg = Release|Any CPU
		{C1FABDA7-B80A-49DF-9810-5A7AC1C644A2}.Release.PROD|Any CPU.Build.0 = Release|Any CPU
		{C1FABDA7-B80A-49DF-9810-5A7AC1C644A2}.Release.UAT|Any CPU.ActiveCfg = Release|Any CPU
		{C1FABDA7-B80A-49DF-9810-5A7AC1C644A2}.Release.UAT|Any CPU.Build.0 = Release|Any CPU
		{C1FABDA7-B80A-49DF-9810-5A7AC1C644A2}.Release|Any CPU.ActiveCfg = Release|Any CPU
		{C1FABDA7-B80A-49DF-9810-5A7AC1C644A2}.Release|Any CPU.Build.0 = Release|Any CPU
		{868C740F-D51C-44EE-B16F-55D363BDB432}.Debug|Any CPU.ActiveCfg = Debug|Any CPU
		{868C740F-D51C-44EE-B16F-55D363BDB432}.Debug|Any CPU.Build.0 = Debug|Any CPU
		{868C740F-D51C-44EE-B16F-55D363BDB432}.Prod|Any CPU.ActiveCfg = Release|Any CPU
		{868C740F-D51C-44EE-B16F-55D363BDB432}.Prod|Any CPU.Build.0 = Release|Any CPU
		{868C740F-D51C-44EE-B16F-55D363BDB432}.Release.DEV|Any CPU.ActiveCfg = Release|Any CPU
		{868C740F-D51C-44EE-B16F-55D363BDB432}.Release.DEV|Any CPU.Build.0 = Release|Any CPU
		{868C740F-D51C-44EE-B16F-55D363BDB432}.Release.PROD|Any CPU.ActiveCfg = Release|Any CPU
		{868C740F-D51C-44EE-B16F-55D363BDB432}.Release.PROD|Any CPU.Build.0 = Release|Any CPU
		{868C740F-D51C-44EE-B16F-55D363BDB432}.Release.UAT|Any CPU.ActiveCfg = Release|Any CPU
		{868C740F-D51C-44EE-B16F-55D363BDB432}.Release.UAT|Any CPU.Build.0 = Release|Any CPU
		{868C740F-D51C-44EE-B16F-55D363BDB432}.Release|Any CPU.ActiveCfg = Release|Any CPU
		{868C740F-D51C-44EE-B16F-55D363BDB432}.Release|Any CPU.Build.0 = Release|Any CPU
		{8769000B-0313-4CF7-BC95-B69F69CC49B0}.Debug|Any CPU.ActiveCfg = Debug|Any CPU
		{8769000B-0313-4CF7-BC95-B69F69CC49B0}.Debug|Any CPU.Build.0 = Debug|Any CPU
		{8769000B-0313-4CF7-BC95-B69F69CC49B0}.Prod|Any CPU.ActiveCfg = Release|Any CPU
		{8769000B-0313-4CF7-BC95-B69F69CC49B0}.Prod|Any CPU.Build.0 = Release|Any CPU
		{8769000B-0313-4CF7-BC95-B69F69CC49B0}.Release.DEV|Any CPU.ActiveCfg = Release|Any CPU
		{8769000B-0313-4CF7-BC95-B69F69CC49B0}.Release.DEV|Any CPU.Build.0 = Release|Any CPU
		{8769000B-0313-4CF7-BC95-B69F69CC49B0}.Release.PROD|Any CPU.ActiveCfg = Release|Any CPU
		{8769000B-0313-4CF7-BC95-B69F69CC49B0}.Release.PROD|Any CPU.Build.0 = Release|Any CPU
		{8769000B-0313-4CF7-BC95-B69F69CC49B0}.Release.UAT|Any CPU.ActiveCfg = Release|Any CPU
		{8769000B-0313-4CF7-BC95-B69F69CC49B0}.Release.UAT|Any CPU.Build.0 = Release|Any CPU
		{8769000B-0313-4CF7-BC95-B69F69CC49B0}.Release|Any CPU.ActiveCfg = Release|Any CPU
		{8769000B-0313-4CF7-BC95-B69F69CC49B0}.Release|Any CPU.Build.0 = Release|Any CPU
		{AA45CF82-AA79-416F-99C2-F68B62C8783D}.Debug|Any CPU.ActiveCfg = Debug|Any CPU
		{AA45CF82-AA79-416F-99C2-F68B62C8783D}.Debug|Any CPU.Build.0 = Debug|Any CPU
		{AA45CF82-AA79-416F-99C2-F68B62C8783D}.Prod|Any CPU.ActiveCfg = Release|Any CPU
		{AA45CF82-AA79-416F-99C2-F68B62C8783D}.Prod|Any CPU.Build.0 = Release|Any CPU
		{AA45CF82-AA79-416F-99C2-F68B62C8783D}.Release.DEV|Any CPU.ActiveCfg = Release|Any CPU
		{AA45CF82-AA79-416F-99C2-F68B62C8783D}.Release.DEV|Any CPU.Build.0 = Release|Any CPU
		{AA45CF82-AA79-416F-99C2-F68B62C8783D}.Release.PROD|Any CPU.ActiveCfg = Release|Any CPU
		{AA45CF82-AA79-416F-99C2-F68B62C8783D}.Release.PROD|Any CPU.Build.0 = Release|Any CPU
		{AA45CF82-AA79-416F-99C2-F68B62C8783D}.Release.UAT|Any CPU.ActiveCfg = Release|Any CPU
		{AA45CF82-AA79-416F-99C2-F68B62C8783D}.Release.UAT|Any CPU.Build.0 = Release|Any CPU
		{AA45CF82-AA79-416F-99C2-F68B62C8783D}.Release|Any CPU.ActiveCfg = Release|Any CPU
		{AA45CF82-AA79-416F-99C2-F68B62C8783D}.Release|Any CPU.Build.0 = Release|Any CPU
		{271F369B-B5BA-4DA9-8A8A-20FEA689D3E7}.Debug|Any CPU.ActiveCfg = Debug|Any CPU
		{271F369B-B5BA-4DA9-8A8A-20FEA689D3E7}.Debug|Any CPU.Build.0 = Debug|Any CPU
		{271F369B-B5BA-4DA9-8A8A-20FEA689D3E7}.Prod|Any CPU.ActiveCfg = Release|Any CPU
		{271F369B-B5BA-4DA9-8A8A-20FEA689D3E7}.Prod|Any CPU.Build.0 = Release|Any CPU
		{271F369B-B5BA-4DA9-8A8A-20FEA689D3E7}.Release.DEV|Any CPU.ActiveCfg = Release|Any CPU
		{271F369B-B5BA-4DA9-8A8A-20FEA689D3E7}.Release.DEV|Any CPU.Build.0 = Release|Any CPU
		{271F369B-B5BA-4DA9-8A8A-20FEA689D3E7}.Release.PROD|Any CPU.ActiveCfg = Release|Any CPU
		{271F369B-B5BA-4DA9-8A8A-20FEA689D3E7}.Release.PROD|Any CPU.Build.0 = Release|Any CPU
		{271F369B-B5BA-4DA9-8A8A-20FEA689D3E7}.Release.UAT|Any CPU.ActiveCfg = Release|Any CPU
		{271F369B-B5BA-4DA9-8A8A-20FEA689D3E7}.Release.UAT|Any CPU.Build.0 = Release|Any CPU
		{271F369B-B5BA-4DA9-8A8A-20FEA689D3E7}.Release|Any CPU.ActiveCfg = Release|Any CPU
		{271F369B-B5BA-4DA9-8A8A-20FEA689D3E7}.Release|Any CPU.Build.0 = Release|Any CPU
		{02B1872B-9CB9-4BCC-9D72-AF8A2BBC76E4}.Debug|Any CPU.ActiveCfg = Debug|Any CPU
		{02B1872B-9CB9-4BCC-9D72-AF8A2BBC76E4}.Debug|Any CPU.Build.0 = Debug|Any CPU
		{02B1872B-9CB9-4BCC-9D72-AF8A2BBC76E4}.Prod|Any CPU.ActiveCfg = Release|Any CPU
		{02B1872B-9CB9-4BCC-9D72-AF8A2BBC76E4}.Prod|Any CPU.Build.0 = Release|Any CPU
		{02B1872B-9CB9-4BCC-9D72-AF8A2BBC76E4}.Release.DEV|Any CPU.ActiveCfg = Release|Any CPU
		{02B1872B-9CB9-4BCC-9D72-AF8A2BBC76E4}.Release.DEV|Any CPU.Build.0 = Release|Any CPU
		{02B1872B-9CB9-4BCC-9D72-AF8A2BBC76E4}.Release.PROD|Any CPU.ActiveCfg = Release|Any CPU
		{02B1872B-9CB9-4BCC-9D72-AF8A2BBC76E4}.Release.PROD|Any CPU.Build.0 = Release|Any CPU
		{02B1872B-9CB9-4BCC-9D72-AF8A2BBC76E4}.Release.UAT|Any CPU.ActiveCfg = Release|Any CPU
		{02B1872B-9CB9-4BCC-9D72-AF8A2BBC76E4}.Release.UAT|Any CPU.Build.0 = Release|Any CPU
		{02B1872B-9CB9-4BCC-9D72-AF8A2BBC76E4}.Release|Any CPU.ActiveCfg = Release|Any CPU
		{02B1872B-9CB9-4BCC-9D72-AF8A2BBC76E4}.Release|Any CPU.Build.0 = Release|Any CPU
		{6B453810-604F-4EB1-A626-EFFF935ED3BD}.Debug|Any CPU.ActiveCfg = Debug|Any CPU
		{6B453810-604F-4EB1-A626-EFFF935ED3BD}.Debug|Any CPU.Build.0 = Debug|Any CPU
		{6B453810-604F-4EB1-A626-EFFF935ED3BD}.Prod|Any CPU.ActiveCfg = Release|Any CPU
		{6B453810-604F-4EB1-A626-EFFF935ED3BD}.Prod|Any CPU.Build.0 = Release|Any CPU
		{6B453810-604F-4EB1-A626-EFFF935ED3BD}.Release.DEV|Any CPU.ActiveCfg = Release|Any CPU
		{6B453810-604F-4EB1-A626-EFFF935ED3BD}.Release.DEV|Any CPU.Build.0 = Release|Any CPU
		{6B453810-604F-4EB1-A626-EFFF935ED3BD}.Release.PROD|Any CPU.ActiveCfg = Release|Any CPU
		{6B453810-604F-4EB1-A626-EFFF935ED3BD}.Release.PROD|Any CPU.Build.0 = Release|Any CPU
		{6B453810-604F-4EB1-A626-EFFF935ED3BD}.Release.UAT|Any CPU.ActiveCfg = Release|Any CPU
		{6B453810-604F-4EB1-A626-EFFF935ED3BD}.Release.UAT|Any CPU.Build.0 = Release|Any CPU
		{6B453810-604F-4EB1-A626-EFFF935ED3BD}.Release|Any CPU.ActiveCfg = Release|Any CPU
		{6B453810-604F-4EB1-A626-EFFF935ED3BD}.Release|Any CPU.Build.0 = Release|Any CPU
		{8B613999-7861-4753-A0F6-E63258ABCA1C}.Debug|Any CPU.ActiveCfg = Debug|Any CPU
		{8B613999-7861-4753-A0F6-E63258ABCA1C}.Debug|Any CPU.Build.0 = Debug|Any CPU
		{8B613999-7861-4753-A0F6-E63258ABCA1C}.Prod|Any CPU.ActiveCfg = Prod|Any CPU
		{8B613999-7861-4753-A0F6-E63258ABCA1C}.Prod|Any CPU.Build.0 = Prod|Any CPU
		{8B613999-7861-4753-A0F6-E63258ABCA1C}.Release.DEV|Any CPU.ActiveCfg = Release.DEV|Any CPU
		{8B613999-7861-4753-A0F6-E63258ABCA1C}.Release.DEV|Any CPU.Build.0 = Release.DEV|Any CPU
		{8B613999-7861-4753-A0F6-E63258ABCA1C}.Release.PROD|Any CPU.ActiveCfg = Release.PROD|Any CPU
		{8B613999-7861-4753-A0F6-E63258ABCA1C}.Release.PROD|Any CPU.Build.0 = Release.PROD|Any CPU
		{8B613999-7861-4753-A0F6-E63258ABCA1C}.Release.UAT|Any CPU.ActiveCfg = Release.UAT|Any CPU
		{8B613999-7861-4753-A0F6-E63258ABCA1C}.Release.UAT|Any CPU.Build.0 = Release.UAT|Any CPU
		{8B613999-7861-4753-A0F6-E63258ABCA1C}.Release|Any CPU.ActiveCfg = Release|Any CPU
		{8B613999-7861-4753-A0F6-E63258ABCA1C}.Release|Any CPU.Build.0 = Release|Any CPU
		{829641F2-22D5-4A59-8483-97120DA79E3D}.Debug|Any CPU.ActiveCfg = Debug|Any CPU
		{829641F2-22D5-4A59-8483-97120DA79E3D}.Debug|Any CPU.Build.0 = Debug|Any CPU
		{829641F2-22D5-4A59-8483-97120DA79E3D}.Prod|Any CPU.ActiveCfg = Release.UAT|Any CPU
		{829641F2-22D5-4A59-8483-97120DA79E3D}.Prod|Any CPU.Build.0 = Release.UAT|Any CPU
		{829641F2-22D5-4A59-8483-97120DA79E3D}.Release.DEV|Any CPU.ActiveCfg = Release.DEV|Any CPU
		{829641F2-22D5-4A59-8483-97120DA79E3D}.Release.DEV|Any CPU.Build.0 = Release.DEV|Any CPU
		{829641F2-22D5-4A59-8483-97120DA79E3D}.Release.PROD|Any CPU.ActiveCfg = Release.UAT|Any CPU
		{829641F2-22D5-4A59-8483-97120DA79E3D}.Release.PROD|Any CPU.Build.0 = Release.UAT|Any CPU
		{829641F2-22D5-4A59-8483-97120DA79E3D}.Release.UAT|Any CPU.ActiveCfg = Release.UAT|Any CPU
		{829641F2-22D5-4A59-8483-97120DA79E3D}.Release.UAT|Any CPU.Build.0 = Release.UAT|Any CPU
		{829641F2-22D5-4A59-8483-97120DA79E3D}.Release|Any CPU.ActiveCfg = Release|Any CPU
		{829641F2-22D5-4A59-8483-97120DA79E3D}.Release|Any CPU.Build.0 = Release|Any CPU
		{E915FFD4-A2C8-49BE-B071-0C3F9AF23D43}.Debug|Any CPU.ActiveCfg = Debug|Any CPU
		{E915FFD4-A2C8-49BE-B071-0C3F9AF23D43}.Debug|Any CPU.Build.0 = Debug|Any CPU
		{E915FFD4-A2C8-49BE-B071-0C3F9AF23D43}.Prod|Any CPU.ActiveCfg = Prod|Any CPU
		{E915FFD4-A2C8-49BE-B071-0C3F9AF23D43}.Prod|Any CPU.Build.0 = Prod|Any CPU
		{E915FFD4-A2C8-49BE-B071-0C3F9AF23D43}.Release.DEV|Any CPU.ActiveCfg = Release.DEV|Any CPU
		{E915FFD4-A2C8-49BE-B071-0C3F9AF23D43}.Release.DEV|Any CPU.Build.0 = Release.DEV|Any CPU
		{E915FFD4-A2C8-49BE-B071-0C3F9AF23D43}.Release.PROD|Any CPU.ActiveCfg = Release.PROD|Any CPU
		{E915FFD4-A2C8-49BE-B071-0C3F9AF23D43}.Release.PROD|Any CPU.Build.0 = Release.PROD|Any CPU
		{E915FFD4-A2C8-49BE-B071-0C3F9AF23D43}.Release.UAT|Any CPU.ActiveCfg = Release.UAT|Any CPU
		{E915FFD4-A2C8-49BE-B071-0C3F9AF23D43}.Release.UAT|Any CPU.Build.0 = Release.UAT|Any CPU
		{E915FFD4-A2C8-49BE-B071-0C3F9AF23D43}.Release|Any CPU.ActiveCfg = Release|Any CPU
		{E915FFD4-A2C8-49BE-B071-0C3F9AF23D43}.Release|Any CPU.Build.0 = Release|Any CPU
		{CA58D3E1-6188-405F-9FFA-6A9888BD58B9}.Debug|Any CPU.ActiveCfg = Debug|Any CPU
		{CA58D3E1-6188-405F-9FFA-6A9888BD58B9}.Debug|Any CPU.Build.0 = Debug|Any CPU
		{CA58D3E1-6188-405F-9FFA-6A9888BD58B9}.Prod|Any CPU.ActiveCfg = Release|Any CPU
		{CA58D3E1-6188-405F-9FFA-6A9888BD58B9}.Prod|Any CPU.Build.0 = Release|Any CPU
		{CA58D3E1-6188-405F-9FFA-6A9888BD58B9}.Release.DEV|Any CPU.ActiveCfg = Release|Any CPU
		{CA58D3E1-6188-405F-9FFA-6A9888BD58B9}.Release.DEV|Any CPU.Build.0 = Release|Any CPU
		{CA58D3E1-6188-405F-9FFA-6A9888BD58B9}.Release.PROD|Any CPU.ActiveCfg = Release|Any CPU
		{CA58D3E1-6188-405F-9FFA-6A9888BD58B9}.Release.PROD|Any CPU.Build.0 = Release|Any CPU
		{CA58D3E1-6188-405F-9FFA-6A9888BD58B9}.Release.UAT|Any CPU.ActiveCfg = Release|Any CPU
		{CA58D3E1-6188-405F-9FFA-6A9888BD58B9}.Release.UAT|Any CPU.Build.0 = Release|Any CPU
		{CA58D3E1-6188-405F-9FFA-6A9888BD58B9}.Release|Any CPU.ActiveCfg = Release|Any CPU
		{CA58D3E1-6188-405F-9FFA-6A9888BD58B9}.Release|Any CPU.Build.0 = Release|Any CPU
		{74E6C497-F6DF-438D-AD9F-6673B6D49192}.Debug|Any CPU.ActiveCfg = Debug|Any CPU
		{74E6C497-F6DF-438D-AD9F-6673B6D49192}.Debug|Any CPU.Build.0 = Debug|Any CPU
		{74E6C497-F6DF-438D-AD9F-6673B6D49192}.Prod|Any CPU.ActiveCfg = Release|Any CPU
		{74E6C497-F6DF-438D-AD9F-6673B6D49192}.Prod|Any CPU.Build.0 = Release|Any CPU
		{74E6C497-F6DF-438D-AD9F-6673B6D49192}.Release.DEV|Any CPU.ActiveCfg = Release|Any CPU
		{74E6C497-F6DF-438D-AD9F-6673B6D49192}.Release.DEV|Any CPU.Build.0 = Release|Any CPU
		{74E6C497-F6DF-438D-AD9F-6673B6D49192}.Release.PROD|Any CPU.ActiveCfg = Release|Any CPU
		{74E6C497-F6DF-438D-AD9F-6673B6D49192}.Release.PROD|Any CPU.Build.0 = Release|Any CPU
		{74E6C497-F6DF-438D-AD9F-6673B6D49192}.Release.UAT|Any CPU.ActiveCfg = Release|Any CPU
		{74E6C497-F6DF-438D-AD9F-6673B6D49192}.Release.UAT|Any CPU.Build.0 = Release|Any CPU
		{74E6C497-F6DF-438D-AD9F-6673B6D49192}.Release|Any CPU.ActiveCfg = Release|Any CPU
		{74E6C497-F6DF-438D-AD9F-6673B6D49192}.Release|Any CPU.Build.0 = Release|Any CPU
		{2F107C6D-6ED7-4FA5-9F83-A89EC4269A6C}.Debug|Any CPU.ActiveCfg = Debug|Any CPU
		{2F107C6D-6ED7-4FA5-9F83-A89EC4269A6C}.Debug|Any CPU.Build.0 = Debug|Any CPU
		{2F107C6D-6ED7-4FA5-9F83-A89EC4269A6C}.Prod|Any CPU.ActiveCfg = Release|Any CPU
		{2F107C6D-6ED7-4FA5-9F83-A89EC4269A6C}.Prod|Any CPU.Build.0 = Release|Any CPU
		{2F107C6D-6ED7-4FA5-9F83-A89EC4269A6C}.Release.DEV|Any CPU.ActiveCfg = Release|Any CPU
		{2F107C6D-6ED7-4FA5-9F83-A89EC4269A6C}.Release.DEV|Any CPU.Build.0 = Release|Any CPU
		{2F107C6D-6ED7-4FA5-9F83-A89EC4269A6C}.Release.PROD|Any CPU.ActiveCfg = Release|Any CPU
		{2F107C6D-6ED7-4FA5-9F83-A89EC4269A6C}.Release.PROD|Any CPU.Build.0 = Release|Any CPU
		{2F107C6D-6ED7-4FA5-9F83-A89EC4269A6C}.Release.UAT|Any CPU.ActiveCfg = Release|Any CPU
		{2F107C6D-6ED7-4FA5-9F83-A89EC4269A6C}.Release.UAT|Any CPU.Build.0 = Release|Any CPU
		{2F107C6D-6ED7-4FA5-9F83-A89EC4269A6C}.Release|Any CPU.ActiveCfg = Release|Any CPU
		{2F107C6D-6ED7-4FA5-9F83-A89EC4269A6C}.Release|Any CPU.Build.0 = Release|Any CPU
	EndGlobalSection
	GlobalSection(SolutionProperties) = preSolution
		HideSolutionNode = FALSE
	EndGlobalSection
	GlobalSection(NestedProjects) = preSolution
		{868C740F-D51C-44EE-B16F-55D363BDB432} = {2C7BD783-DF7F-4A14-A87F-B9908DD1B2CD}
		{AA45CF82-AA79-416F-99C2-F68B62C8783D} = {2C7BD783-DF7F-4A14-A87F-B9908DD1B2CD}
		{02B1872B-9CB9-4BCC-9D72-AF8A2BBC76E4} = {62C4D3E9-A133-48B4-AE9E-BFA12FC01AD7}
		{6B453810-604F-4EB1-A626-EFFF935ED3BD} = {716CF197-0CDB-4713-A5DF-06B65B73DA15}
		{8B613999-7861-4753-A0F6-E63258ABCA1C} = {51219AF6-A477-45F9-87DD-B349819C103A}
		{829641F2-22D5-4A59-8483-97120DA79E3D} = {51219AF6-A477-45F9-87DD-B349819C103A}
		{E915FFD4-A2C8-49BE-B071-0C3F9AF23D43} = {51219AF6-A477-45F9-87DD-B349819C103A}
		{CA58D3E1-6188-405F-9FFA-6A9888BD58B9} = {51219AF6-A477-45F9-87DD-B349819C103A}
		{74E6C497-F6DF-438D-AD9F-6673B6D49192} = {91A4AE51-5DBA-450E-BD3C-86CC82F2114C}
	EndGlobalSection
	GlobalSection(ExtensibilityGlobals) = postSolution
		SolutionGuid = {9A9DAADD-5B63-4FB5-A7B6-0EB77FCDB3F9}
	EndGlobalSection
EndGlobal
